// !$*UTF8*$!
{
	archiveVersion = 1;
	classes = {
	};
	objectVersion = 46;
	objects = {

/* Begin PBXBuildFile section */
		CE1E8AF917387838002D24A3 /* UIKit.framework in Frameworks */ = {isa = PBXBuildFile; fileRef = CE1E8AF817387838002D24A3 /* UIKit.framework */; };
		CE1E8AFB17387838002D24A3 /* Foundation.framework in Frameworks */ = {isa = PBXBuildFile; fileRef = CE1E8AFA17387838002D24A3 /* Foundation.framework */; };
		CE1E8AFD17387838002D24A3 /* CoreGraphics.framework in Frameworks */ = {isa = PBXBuildFile; fileRef = CE1E8AFC17387838002D24A3 /* CoreGraphics.framework */; };
		CE1E8B0317387838002D24A3 /* InfoPlist.strings in Resources */ = {isa = PBXBuildFile; fileRef = CE1E8B0117387838002D24A3 /* InfoPlist.strings */; };
		CE1E8B0517387838002D24A3 /* main.m in Sources */ = {isa = PBXBuildFile; fileRef = CE1E8B0417387838002D24A3 /* main.m */; };
		CE1E8B0917387838002D24A3 /* AppDelegate.m in Sources */ = {isa = PBXBuildFile; fileRef = CE1E8B0817387838002D24A3 /* AppDelegate.m */; };
		CE1E8B0B17387839002D24A3 /* Default.png in Resources */ = {isa = PBXBuildFile; fileRef = CE1E8B0A17387839002D24A3 /* Default.png */; };
		CE1E8B0D17387839002D24A3 /* Default@2x.png in Resources */ = {isa = PBXBuildFile; fileRef = CE1E8B0C17387839002D24A3 /* Default@2x.png */; };
		CE1E8B0F17387839002D24A3 /* Default-568h@2x.png in Resources */ = {isa = PBXBuildFile; fileRef = CE1E8B0E17387839002D24A3 /* Default-568h@2x.png */; };
		CEE6008817494DED00157622 /* ViewController_iPad.xib in Resources */ = {isa = PBXBuildFile; fileRef = CEE6008317494DED00157622 /* ViewController_iPad.xib */; };
		CEE6008917494DED00157622 /* ViewController.m in Sources */ = {isa = PBXBuildFile; fileRef = CEE6008617494DED00157622 /* ViewController.m */; };
		CEE6008C174958DC00157622 /* QuartzCore.framework in Frameworks */ = {isa = PBXBuildFile; fileRef = CEE6008B174958DC00157622 /* QuartzCore.framework */; };
		CEE600921749592100157622 /* DemoViewController.m in Sources */ = {isa = PBXBuildFile; fileRef = CEE6008E1749592100157622 /* DemoViewController.m */; };
		CEE600931749592100157622 /* DemoViewController.xib in Resources */ = {isa = PBXBuildFile; fileRef = CEE6008F1749592100157622 /* DemoViewController.xib */; };
		CEE600941749592100157622 /* SideMenuViewController.m in Sources */ = {isa = PBXBuildFile; fileRef = CEE600911749592100157622 /* SideMenuViewController.m */; };
		CEE600991749595500157622 /* MFSideMenuContainerViewController.m in Sources */ = {isa = PBXBuildFile; fileRef = CEE600981749595500157622 /* MFSideMenuContainerViewController.m */; };
		CEE600A2174959AE00157622 /* back-arrow.png in Resources */ = {isa = PBXBuildFile; fileRef = CEE6009B174959AE00157622 /* back-arrow.png */; };
		CEE600A3174959AE00157622 /* back-arrow@2x.png in Resources */ = {isa = PBXBuildFile; fileRef = CEE6009C174959AE00157622 /* back-arrow@2x.png */; };
		CEE600A4174959AE00157622 /* Default-568h@2x.png in Resources */ = {isa = PBXBuildFile; fileRef = CEE6009D174959AE00157622 /* Default-568h@2x.png */; };
		CEE600A5174959AE00157622 /* Default.png in Resources */ = {isa = PBXBuildFile; fileRef = CEE6009E174959AE00157622 /* Default.png */; };
		CEE600A6174959AE00157622 /* Default@2x.png in Resources */ = {isa = PBXBuildFile; fileRef = CEE6009F174959AE00157622 /* Default@2x.png */; };
		CEE600A7174959AE00157622 /* menu-icon.png in Resources */ = {isa = PBXBuildFile; fileRef = CEE600A0174959AE00157622 /* menu-icon.png */; };
		CEE600A8174959AE00157622 /* menu-icon@2x.png in Resources */ = {isa = PBXBuildFile; fileRef = CEE600A1174959AE00157622 /* menu-icon@2x.png */; };
		CEE600B2174964A800157622 /* SMPageControl.m in Sources */ = {isa = PBXBuildFile; fileRef = CEE600B1174964A800157622 /* SMPageControl.m */; };
		CEE600B71749659300157622 /* indicador_negro.png in Resources */ = {isa = PBXBuildFile; fileRef = CEE600B31749659300157622 /* indicador_negro.png */; };
		CEE600B81749659300157622 /* indicador_negro@2x.png in Resources */ = {isa = PBXBuildFile; fileRef = CEE600B41749659300157622 /* indicador_negro@2x.png */; };
		CEE600B91749659300157622 /* indicador_rosa.png in Resources */ = {isa = PBXBuildFile; fileRef = CEE600B51749659300157622 /* indicador_rosa.png */; };
		CEE600BA1749659300157622 /* indicador_rosa@2x.png in Resources */ = {isa = PBXBuildFile; fileRef = CEE600B61749659300157622 /* indicador_rosa@2x.png */; };
/* End PBXBuildFile section */

/* Begin PBXFileReference section */
		CE1E8AF517387838002D24A3 /* Estructura1.app */ = {isa = PBXFileReference; explicitFileType = wrapper.application; includeInIndex = 0; path = Estructura1.app; sourceTree = BUILT_PRODUCTS_DIR; };
		CE1E8AF817387838002D24A3 /* UIKit.framework */ = {isa = PBXFileReference; lastKnownFileType = wrapper.framework; name = UIKit.framework; path = System/Library/Frameworks/UIKit.framework; sourceTree = SDKROOT; };
		CE1E8AFA17387838002D24A3 /* Foundation.framework */ = {isa = PBXFileReference; lastKnownFileType = wrapper.framework; name = Foundation.framework; path = System/Library/Frameworks/Foundation.framework; sourceTree = SDKROOT; };
		CE1E8AFC17387838002D24A3 /* CoreGraphics.framework */ = {isa = PBXFileReference; lastKnownFileType = wrapper.framework; name = CoreGraphics.framework; path = System/Library/Frameworks/CoreGraphics.framework; sourceTree = SDKROOT; };
		CE1E8B0017387838002D24A3 /* Estructura1-Info.plist */ = {isa = PBXFileReference; lastKnownFileType = text.plist.xml; path = "Estructura1-Info.plist"; sourceTree = "<group>"; };
		CE1E8B0217387838002D24A3 /* en */ = {isa = PBXFileReference; lastKnownFileType = text.plist.strings; name = en; path = en.lproj/InfoPlist.strings; sourceTree = "<group>"; };
		CE1E8B0417387838002D24A3 /* main.m */ = {isa = PBXFileReference; lastKnownFileType = sourcecode.c.objc; path = main.m; sourceTree = "<group>"; };
		CE1E8B0617387838002D24A3 /* Estructura1-Prefix.pch */ = {isa = PBXFileReference; lastKnownFileType = sourcecode.c.h; path = "Estructura1-Prefix.pch"; sourceTree = "<group>"; };
		CE1E8B0717387838002D24A3 /* AppDelegate.h */ = {isa = PBXFileReference; lastKnownFileType = sourcecode.c.h; path = AppDelegate.h; sourceTree = "<group>"; };
		CE1E8B0817387838002D24A3 /* AppDelegate.m */ = {isa = PBXFileReference; lastKnownFileType = sourcecode.c.objc; path = AppDelegate.m; sourceTree = "<group>"; };
		CE1E8B0A17387839002D24A3 /* Default.png */ = {isa = PBXFileReference; lastKnownFileType = image.png; path = Default.png; sourceTree = "<group>"; };
		CE1E8B0C17387839002D24A3 /* Default@2x.png */ = {isa = PBXFileReference; lastKnownFileType = image.png; path = "Default@2x.png"; sourceTree = "<group>"; };
		CE1E8B0E17387839002D24A3 /* Default-568h@2x.png */ = {isa = PBXFileReference; lastKnownFileType = image.png; path = "Default-568h@2x.png"; sourceTree = "<group>"; };
		CEE6008317494DED00157622 /* ViewController_iPad.xib */ = {isa = PBXFileReference; fileEncoding = 4; lastKnownFileType = file.xib; path = ViewController_iPad.xib; sourceTree = "<group>"; };
		CEE6008517494DED00157622 /* ViewController.h */ = {isa = PBXFileReference; fileEncoding = 4; lastKnownFileType = sourcecode.c.h; name = ViewController.h; path = ../iphone/ViewController.h; sourceTree = "<group>"; };
		CEE6008617494DED00157622 /* ViewController.m */ = {isa = PBXFileReference; fileEncoding = 4; lastKnownFileType = sourcecode.c.objc; name = ViewController.m; path = ../iphone/ViewController.m; sourceTree = "<group>"; };
		CEE6008B174958DC00157622 /* QuartzCore.framework */ = {isa = PBXFileReference; lastKnownFileType = wrapper.framework; name = QuartzCore.framework; path = System/Library/Frameworks/QuartzCore.framework; sourceTree = SDKROOT; };
		CEE6008D1749592100157622 /* DemoViewController.h */ = {isa = PBXFileReference; fileEncoding = 4; lastKnownFileType = sourcecode.c.h; path = DemoViewController.h; sourceTree = "<group>"; };
		CEE6008E1749592100157622 /* DemoViewController.m */ = {isa = PBXFileReference; fileEncoding = 4; lastKnownFileType = sourcecode.c.objc; path = DemoViewController.m; sourceTree = "<group>"; };
		CEE6008F1749592100157622 /* DemoViewController.xib */ = {isa = PBXFileReference; fileEncoding = 4; lastKnownFileType = file.xib; path = DemoViewController.xib; sourceTree = "<group>"; };
		CEE600901749592100157622 /* SideMenuViewController.h */ = {isa = PBXFileReference; fileEncoding = 4; lastKnownFileType = sourcecode.c.h; path = SideMenuViewController.h; sourceTree = "<group>"; };
		CEE600911749592100157622 /* SideMenuViewController.m */ = {isa = PBXFileReference; fileEncoding = 4; lastKnownFileType = sourcecode.c.objc; path = SideMenuViewController.m; sourceTree = "<group>"; };
		CEE600961749595500157622 /* MFSideMenu.h */ = {isa = PBXFileReference; fileEncoding = 4; lastKnownFileType = sourcecode.c.h; path = MFSideMenu.h; sourceTree = "<group>"; };
		CEE600971749595500157622 /* MFSideMenuContainerViewController.h */ = {isa = PBXFileReference; fileEncoding = 4; lastKnownFileType = sourcecode.c.h; path = MFSideMenuContainerViewController.h; sourceTree = "<group>"; };
		CEE600981749595500157622 /* MFSideMenuContainerViewController.m */ = {isa = PBXFileReference; fileEncoding = 4; lastKnownFileType = sourcecode.c.objc; path = MFSideMenuContainerViewController.m; sourceTree = "<group>"; };
		CEE6009B174959AE00157622 /* back-arrow.png */ = {isa = PBXFileReference; lastKnownFileType = image.png; path = "back-arrow.png"; sourceTree = "<group>"; };
		CEE6009C174959AE00157622 /* back-arrow@2x.png */ = {isa = PBXFileReference; lastKnownFileType = image.png; path = "back-arrow@2x.png"; sourceTree = "<group>"; };
		CEE6009D174959AE00157622 /* Default-568h@2x.png */ = {isa = PBXFileReference; lastKnownFileType = image.png; path = "Default-568h@2x.png"; sourceTree = "<group>"; };
		CEE6009E174959AE00157622 /* Default.png */ = {isa = PBXFileReference; lastKnownFileType = image.png; path = Default.png; sourceTree = "<group>"; };
		CEE6009F174959AE00157622 /* Default@2x.png */ = {isa = PBXFileReference; lastKnownFileType = image.png; path = "Default@2x.png"; sourceTree = "<group>"; };
		CEE600A0174959AE00157622 /* menu-icon.png */ = {isa = PBXFileReference; lastKnownFileType = image.png; path = "menu-icon.png"; sourceTree = "<group>"; };
		CEE600A1174959AE00157622 /* menu-icon@2x.png */ = {isa = PBXFileReference; lastKnownFileType = image.png; path = "menu-icon@2x.png"; sourceTree = "<group>"; };
		CEE600B0174964A800157622 /* SMPageControl.h */ = {isa = PBXFileReference; fileEncoding = 4; lastKnownFileType = sourcecode.c.h; path = SMPageControl.h; sourceTree = "<group>"; };
		CEE600B1174964A800157622 /* SMPageControl.m */ = {isa = PBXFileReference; fileEncoding = 4; lastKnownFileType = sourcecode.c.objc; path = SMPageControl.m; sourceTree = "<group>"; };
		CEE600B31749659300157622 /* indicador_negro.png */ = {isa = PBXFileReference; lastKnownFileType = image.png; path = indicador_negro.png; sourceTree = "<group>"; };
		CEE600B41749659300157622 /* indicador_negro@2x.png */ = {isa = PBXFileReference; lastKnownFileType = image.png; path = "indicador_negro@2x.png"; sourceTree = "<group>"; };
		CEE600B51749659300157622 /* indicador_rosa.png */ = {isa = PBXFileReference; lastKnownFileType = image.png; path = indicador_rosa.png; sourceTree = "<group>"; };
		CEE600B61749659300157622 /* indicador_rosa@2x.png */ = {isa = PBXFileReference; lastKnownFileType = image.png; path = "indicador_rosa@2x.png"; sourceTree = "<group>"; };
/* End PBXFileReference section */

/* Begin PBXFrameworksBuildPhase section */
		CE1E8AF217387838002D24A3 /* Frameworks */ = {
			isa = PBXFrameworksBuildPhase;
			buildActionMask = 2147483647;
			files = (
				CEE6008C174958DC00157622 /* QuartzCore.framework in Frameworks */,
				CE1E8AF917387838002D24A3 /* UIKit.framework in Frameworks */,
				CE1E8AFB17387838002D24A3 /* Foundation.framework in Frameworks */,
				CE1E8AFD17387838002D24A3 /* CoreGraphics.framework in Frameworks */,
			);
			runOnlyForDeploymentPostprocessing = 0;
		};
/* End PBXFrameworksBuildPhase section */

/* Begin PBXGroup section */
		CE1E8AEC17387838002D24A3 = {
			isa = PBXGroup;
			children = (
				CE1E8AFE17387838002D24A3 /* Estructura1 */,
				CE1E8AF717387838002D24A3 /* Frameworks */,
				CE1E8AF617387838002D24A3 /* Products */,
			);
			sourceTree = "<group>";
		};
		CE1E8AF617387838002D24A3 /* Products */ = {
			isa = PBXGroup;
			children = (
				CE1E8AF517387838002D24A3 /* Estructura1.app */,
			);
			name = Products;
			sourceTree = "<group>";
		};
		CE1E8AF717387838002D24A3 /* Frameworks */ = {
			isa = PBXGroup;
			children = (
				CEE6008B174958DC00157622 /* QuartzCore.framework */,
				CE1E8AF817387838002D24A3 /* UIKit.framework */,
				CE1E8AFA17387838002D24A3 /* Foundation.framework */,
				CE1E8AFC17387838002D24A3 /* CoreGraphics.framework */,
			);
			name = Frameworks;
			sourceTree = "<group>";
		};
		CE1E8AFE17387838002D24A3 /* Estructura1 */ = {
			isa = PBXGroup;
			children = (
				CE1E8B0717387838002D24A3 /* AppDelegate.h */,
				CE1E8B0817387838002D24A3 /* AppDelegate.m */,
				CEE6009A174959AE00157622 /* Images */,
				CEE6FFE717494C6200157622 /* ClasesExternas */,
				CEE6008117494D8200157622 /* ViewsControllers */,
				CE1E8AFF17387838002D24A3 /* Supporting Files */,
			);
			path = Estructura1;
			sourceTree = "<group>";
		};
		CE1E8AFF17387838002D24A3 /* Supporting Files */ = {
			isa = PBXGroup;
			children = (
				CE1E8B0017387838002D24A3 /* Estructura1-Info.plist */,
				CE1E8B0117387838002D24A3 /* InfoPlist.strings */,
				CE1E8B0417387838002D24A3 /* main.m */,
				CE1E8B0617387838002D24A3 /* Estructura1-Prefix.pch */,
				CE1E8B0A17387839002D24A3 /* Default.png */,
				CE1E8B0C17387839002D24A3 /* Default@2x.png */,
				CE1E8B0E17387839002D24A3 /* Default-568h@2x.png */,
			);
			name = "Supporting Files";
			sourceTree = "<group>";
		};
		CEE6008117494D8200157622 /* ViewsControllers */ = {
			isa = PBXGroup;
			children = (
				CEE6008417494DED00157622 /* iphone */,
				CEE6008217494DED00157622 /* ipad */,
			);
			path = ViewsControllers;
			sourceTree = "<group>";
		};
		CEE6008217494DED00157622 /* ipad */ = {
			isa = PBXGroup;
			children = (
				CEE6008517494DED00157622 /* ViewController.h */,
				CEE6008617494DED00157622 /* ViewController.m */,
				CEE6008317494DED00157622 /* ViewController_iPad.xib */,
			);
			path = ipad;
			sourceTree = "<group>";
		};
		CEE6008417494DED00157622 /* iphone */ = {
			isa = PBXGroup;
			children = (
				CEE600901749592100157622 /* SideMenuViewController.h */,
				CEE600911749592100157622 /* SideMenuViewController.m */,
				CEE6008D1749592100157622 /* DemoViewController.h */,
				CEE6008E1749592100157622 /* DemoViewController.m */,
				CEE6008F1749592100157622 /* DemoViewController.xib */,
			);
			path = iphone;
			sourceTree = "<group>";
		};
		CEE600951749595500157622 /* MFSideMenu */ = {
			isa = PBXGroup;
			children = (
				CEE600961749595500157622 /* MFSideMenu.h */,
				CEE600971749595500157622 /* MFSideMenuContainerViewController.h */,
				CEE600981749595500157622 /* MFSideMenuContainerViewController.m */,
			);
			path = MFSideMenu;
			sourceTree = "<group>";
		};
		CEE6009A174959AE00157622 /* Images */ = {
			isa = PBXGroup;
			children = (
				CEE600B31749659300157622 /* indicador_negro.png */,
				CEE600B41749659300157622 /* indicador_negro@2x.png */,
				CEE600B51749659300157622 /* indicador_rosa.png */,
				CEE600B61749659300157622 /* indicador_rosa@2x.png */,
				CEE6009B174959AE00157622 /* back-arrow.png */,
				CEE6009C174959AE00157622 /* back-arrow@2x.png */,
				CEE6009D174959AE00157622 /* Default-568h@2x.png */,
				CEE6009E174959AE00157622 /* Default.png */,
				CEE6009F174959AE00157622 /* Default@2x.png */,
				CEE600A0174959AE00157622 /* menu-icon.png */,
				CEE600A1174959AE00157622 /* menu-icon@2x.png */,
			);
			path = Images;
			sourceTree = "<group>";
		};
		CEE600AF174964A800157622 /* SegmentedControl */ = {
			isa = PBXGroup;
			children = (
				CEE600B0174964A800157622 /* SMPageControl.h */,
				CEE600B1174964A800157622 /* SMPageControl.m */,
			);
			path = SegmentedControl;
			sourceTree = "<group>";
		};
		CEE6FFE717494C6200157622 /* ClasesExternas */ = {
			isa = PBXGroup;
			children = (
				CEE600AF174964A800157622 /* SegmentedControl */,
				CEE600951749595500157622 /* MFSideMenu */,
			);
			path = ClasesExternas;
			sourceTree = "<group>";
		};
/* End PBXGroup section */

/* Begin PBXNativeTarget section */
		CE1E8AF417387838002D24A3 /* Estructura1 */ = {
			isa = PBXNativeTarget;
			buildConfigurationList = CE1E8B1B17387839002D24A3 /* Build configuration list for PBXNativeTarget "Estructura1" */;
			buildPhases = (
				CE1E8AF117387838002D24A3 /* Sources */,
				CE1E8AF217387838002D24A3 /* Frameworks */,
				CE1E8AF317387838002D24A3 /* Resources */,
			);
			buildRules = (
			);
			dependencies = (
			);
			name = Estructura1;
			productName = Estructura1;
			productReference = CE1E8AF517387838002D24A3 /* Estructura1.app */;
			productType = "com.apple.product-type.application";
		};
/* End PBXNativeTarget section */

/* Begin PBXProject section */
		CE1E8AED17387838002D24A3 /* Project object */ = {
			isa = PBXProject;
			attributes = {
				LastUpgradeCheck = 0460;
				ORGANIZATIONNAME = PamLiiz;
			};
			buildConfigurationList = CE1E8AF017387838002D24A3 /* Build configuration list for PBXProject "Estructura1" */;
			compatibilityVersion = "Xcode 3.2";
			developmentRegion = English;
			hasScannedForEncodings = 0;
			knownRegions = (
				en,
			);
			mainGroup = CE1E8AEC17387838002D24A3;
			productRefGroup = CE1E8AF617387838002D24A3 /* Products */;
			projectDirPath = "";
			projectRoot = "";
			targets = (
				CE1E8AF417387838002D24A3 /* Estructura1 */,
			);
		};
/* End PBXProject section */

/* Begin PBXResourcesBuildPhase section */
		CE1E8AF317387838002D24A3 /* Resources */ = {
			isa = PBXResourcesBuildPhase;
			buildActionMask = 2147483647;
			files = (
				CE1E8B0317387838002D24A3 /* InfoPlist.strings in Resources */,
				CE1E8B0B17387839002D24A3 /* Default.png in Resources */,
				CE1E8B0D17387839002D24A3 /* Default@2x.png in Resources */,
				CE1E8B0F17387839002D24A3 /* Default-568h@2x.png in Resources */,
				CEE6008817494DED00157622 /* ViewController_iPad.xib in Resources */,
				CEE600931749592100157622 /* DemoViewController.xib in Resources */,
				CEE600A2174959AE00157622 /* back-arrow.png in Resources */,
				CEE600A3174959AE00157622 /* back-arrow@2x.png in Resources */,
				CEE600A4174959AE00157622 /* Default-568h@2x.png in Resources */,
				CEE600A5174959AE00157622 /* Default.png in Resources */,
				CEE600A6174959AE00157622 /* Default@2x.png in Resources */,
				CEE600A7174959AE00157622 /* menu-icon.png in Resources */,
				CEE600A8174959AE00157622 /* menu-icon@2x.png in Resources */,
				CEE600B71749659300157622 /* indicador_negro.png in Resources */,
				CEE600B81749659300157622 /* indicador_negro@2x.png in Resources */,
				CEE600B91749659300157622 /* indicador_rosa.png in Resources */,
				CEE600BA1749659300157622 /* indicador_rosa@2x.png in Resources */,
			);
			runOnlyForDeploymentPostprocessing = 0;
		};
/* End PBXResourcesBuildPhase section */

/* Begin PBXSourcesBuildPhase section */
		CE1E8AF117387838002D24A3 /* Sources */ = {
			isa = PBXSourcesBuildPhase;
			buildActionMask = 2147483647;
			files = (
				CE1E8B0517387838002D24A3 /* main.m in Sources */,
				CE1E8B0917387838002D24A3 /* AppDelegate.m in Sources */,
				CEE6008917494DED00157622 /* ViewController.m in Sources */,
				CEE600921749592100157622 /* DemoViewController.m in Sources */,
				CEE600941749592100157622 /* SideMenuViewController.m in Sources */,
				CEE600991749595500157622 /* MFSideMenuContainerViewController.m in Sources */,
				CEE600B2174964A800157622 /* SMPageControl.m in Sources */,
			);
			runOnlyForDeploymentPostprocessing = 0;
		};
/* End PBXSourcesBuildPhase section */

/* Begin PBXVariantGroup section */
		CE1E8B0117387838002D24A3 /* InfoPlist.strings */ = {
			isa = PBXVariantGroup;
			children = (
				CE1E8B0217387838002D24A3 /* en */,
			);
			name = InfoPlist.strings;
			sourceTree = "<group>";
		};
/* End PBXVariantGroup section */

/* Begin XCBuildConfiguration section */
		CE1E8B1917387839002D24A3 /* Debug */ = {
			isa = XCBuildConfiguration;
			buildSettings = {
				ALWAYS_SEARCH_USER_PATHS = NO;
				CLANG_CXX_LANGUAGE_STANDARD = "gnu++0x";
				CLANG_CXX_LIBRARY = "libc++";
				CLANG_ENABLE_OBJC_ARC = YES;
				CLANG_WARN_CONSTANT_CONVERSION = YES;
				CLANG_WARN_EMPTY_BODY = YES;
				CLANG_WARN_ENUM_CONVERSION = YES;
				CLANG_WARN_INT_CONVERSION = YES;
				CLANG_WARN__DUPLICATE_METHOD_MATCH = YES;
				"CODE_SIGN_IDENTITY[sdk=iphoneos*]" = "iPhone Developer";
				COPY_PHASE_STRIP = NO;
				GCC_C_LANGUAGE_STANDARD = gnu99;
				GCC_DYNAMIC_NO_PIC = NO;
				GCC_OPTIMIZATION_LEVEL = 0;
				GCC_PREPROCESSOR_DEFINITIONS = (
					"DEBUG=1",
					"$(inherited)",
				);
				GCC_SYMBOLS_PRIVATE_EXTERN = NO;
				GCC_WARN_ABOUT_RETURN_TYPE = YES;
				GCC_WARN_UNINITIALIZED_AUTOS = YES;
				GCC_WARN_UNUSED_VARIABLE = YES;
				IPHONEOS_DEPLOYMENT_TARGET = 6.1;
				ONLY_ACTIVE_ARCH = YES;
				SDKROOT = iphoneos;
				TARGETED_DEVICE_FAMILY = "1,2";
			};
			name = Debug;
		};
		CE1E8B1A17387839002D24A3 /* Release */ = {
			isa = XCBuildConfiguration;
			buildSettings = {
				ALWAYS_SEARCH_USER_PATHS = NO;
				CLANG_CXX_LANGUAGE_STANDARD = "gnu++0x";
				CLANG_CXX_LIBRARY = "libc++";
				CLANG_ENABLE_OBJC_ARC = YES;
				CLANG_WARN_CONSTANT_CONVERSION = YES;
				CLANG_WARN_EMPTY_BODY = YES;
				CLANG_WARN_ENUM_CONVERSION = YES;
				CLANG_WARN_INT_CONVERSION = YES;
				CLANG_WARN__DUPLICATE_METHOD_MATCH = YES;
				"CODE_SIGN_IDENTITY[sdk=iphoneos*]" = "iPhone Developer";
				COPY_PHASE_STRIP = YES;
				GCC_C_LANGUAGE_STANDARD = gnu99;
				GCC_WARN_ABOUT_RETURN_TYPE = YES;
				GCC_WARN_UNINITIALIZED_AUTOS = YES;
				GCC_WARN_UNUSED_VARIABLE = YES;
				IPHONEOS_DEPLOYMENT_TARGET = 6.1;
				OTHER_CFLAGS = "-DNS_BLOCK_ASSERTIONS=1";
				SDKROOT = iphoneos;
				TARGETED_DEVICE_FAMILY = "1,2";
				VALIDATE_PRODUCT = YES;
			};
			name = Release;
		};
		CE1E8B1C17387839002D24A3 /* Debug */ = {
			isa = XCBuildConfiguration;
			buildSettings = {
				GCC_PRECOMPILE_PREFIX_HEADER = YES;
				GCC_PREFIX_HEADER = "Estructura1/Estructura1-Prefix.pch";
				INFOPLIST_FILE = "Estructura1/Estructura1-Info.plist";
				PRODUCT_NAME = "$(TARGET_NAME)";
				WRAPPER_EXTENSION = app;
			};
			name = Debug;
		};
		CE1E8B1D17387839002D24A3 /* Release */ = {
			isa = XCBuildConfiguration;
			buildSettings = {
				GCC_PRECOMPILE_PREFIX_HEADER = YES;
				GCC_PREFIX_HEADER = "Estructura1/Estructura1-Prefix.pch";
				INFOPLIST_FILE = "Estructura1/Estructura1-Info.plist";
				PRODUCT_NAME = "$(TARGET_NAME)";
				WRAPPER_EXTENSION = app;
			};
			name = Release;
		};
/* End XCBuildConfiguration section */

/* Begin XCConfigurationList section */
		CE1E8AF017387838002D24A3 /* Build configuration list for PBXProject "Estructura1" */ = {
			isa = XCConfigurationList;
			buildConfigurations = (
				CE1E8B1917387839002D24A3 /* Debug */,
				CE1E8B1A17387839002D24A3 /* Release */,
			);
			defaultConfigurationIsVisible = 0;
			defaultConfigurationName = Release;
		};
		CE1E8B1B17387839002D24A3 /* Build configuration list for PBXNativeTarget "Estructura1" */ = {
			isa = XCConfigurationList;
			buildConfigurations = (
				CE1E8B1C17387839002D24A3 /* Debug */,
				CE1E8B1D17387839002D24A3 /* Release */,
			);
			defaultConfigurationIsVisible = 0;
			defaultConfigurationName = Release;
		};
/* End XCConfigurationList section */
	};
	rootObject = CE1E8AED17387838002D24A3 /* Project object */;
}
